
Microsoft Visual Studio Solution File, Format Version 12.00
# Visual Studio 14
VisualStudioVersion = 14.0.24720.0
MinimumVisualStudioVersion = 10.0.40219.1
Project("{2150E333-8FDC-42A3-9474-1A3956D46DE8}") = "Engine", "Engine", "{4304D9D8-0405-405E-A578-9D455F7BA38D}"
EndProject
Project("{2150E333-8FDC-42A3-9474-1A3956D46DE8}") = "Games", "Games", "{D6F158A5-46B8-49A2-844A-78EF084DBC36}"
EndProject
Project("{8BC9CEB8-8B4A-11D0-8D11-00A0C91BC942}") = "UE4", "Intermediate\ProjectFiles\UE4.vcxproj", "{1357BA45-BF3B-48DF-B37E-CAF8B1DE5E1A}"
EndProject
Project("{8BC9CEB8-8B4A-11D0-8D11-00A0C91BC942}") = "PortfolioApp", "Intermediate\ProjectFiles\PortfolioApp.vcxproj", "{473B84ED-2EB2-482D-BB3C-C8F3D70154F7}"
EndProject
Global
	GlobalSection(SolutionConfigurationPlatforms) = preSolution
		Debug|Android = Debug|Android
		Debug|Win32 = Debug|Win32
		Debug|Win64 = Debug|Win64
		Debug|x64 = Debug|x64
		Debug|x64-Android-NVIDIA = Debug|x64-Android-NVIDIA
		DebugGame Editor|Android = DebugGame Editor|Android
		DebugGame Editor|Win32 = DebugGame Editor|Win32
		DebugGame Editor|Win64 = DebugGame Editor|Win64
		DebugGame Editor|x64 = DebugGame Editor|x64
		DebugGame Editor|x64-Android-NVIDIA = DebugGame Editor|x64-Android-NVIDIA
		DebugGame|Android = DebugGame|Android
		DebugGame|Win32 = DebugGame|Win32
		DebugGame|Win64 = DebugGame|Win64
		DebugGame|x64 = DebugGame|x64
		DebugGame|x64-Android-NVIDIA = DebugGame|x64-Android-NVIDIA
		Development Editor|Android = Development Editor|Android
		Development Editor|Win32 = Development Editor|Win32
		Development Editor|Win64 = Development Editor|Win64
		Development Editor|x64 = Development Editor|x64
		Development Editor|x64-Android-NVIDIA = Development Editor|x64-Android-NVIDIA
		Development|Android = Development|Android
		Development|Win32 = Development|Win32
		Development|Win64 = Development|Win64
		Development|x64 = Development|x64
		Development|x64-Android-NVIDIA = Development|x64-Android-NVIDIA
		MinSizeRel|Android = MinSizeRel|Android
		MinSizeRel|Win32 = MinSizeRel|Win32
		MinSizeRel|Win64 = MinSizeRel|Win64
		MinSizeRel|x64 = MinSizeRel|x64
		MinSizeRel|x64-Android-NVIDIA = MinSizeRel|x64-Android-NVIDIA
		Release|Android = Release|Android
		Release|Win32 = Release|Win32
		Release|Win64 = Release|Win64
		Release|x64 = Release|x64
		Release|x64-Android-NVIDIA = Release|x64-Android-NVIDIA
		RelWithDebInfo|Android = RelWithDebInfo|Android
		RelWithDebInfo|Win32 = RelWithDebInfo|Win32
		RelWithDebInfo|Win64 = RelWithDebInfo|Win64
		RelWithDebInfo|x64 = RelWithDebInfo|x64
		RelWithDebInfo|x64-Android-NVIDIA = RelWithDebInfo|x64-Android-NVIDIA
		Shipping|Android = Shipping|Android
		Shipping|Win32 = Shipping|Win32
		Shipping|Win64 = Shipping|Win64
		Shipping|x64 = Shipping|x64
		Shipping|x64-Android-NVIDIA = Shipping|x64-Android-NVIDIA
	EndGlobalSection
	GlobalSection(ProjectConfigurationPlatforms) = postSolution
		{1357BA45-BF3B-48DF-B37E-CAF8B1DE5E1A}.Debug|Android.ActiveCfg = BuiltWithUnrealBuildTool|Win32
		{1357BA45-BF3B-48DF-B37E-CAF8B1DE5E1A}.Debug|Android.Build.0 = BuiltWithUnrealBuildTool|Win32
		{1357BA45-BF3B-48DF-B37E-CAF8B1DE5E1A}.Debug|Win32.ActiveCfg = BuiltWithUnrealBuildTool|Win32
		{1357BA45-BF3B-48DF-B37E-CAF8B1DE5E1A}.Debug|Win32.Build.0 = BuiltWithUnrealBuildTool|Win32
		{1357BA45-BF3B-48DF-B37E-CAF8B1DE5E1A}.Debug|Win64.ActiveCfg = BuiltWithUnrealBuildTool|Win32
		{1357BA45-BF3B-48DF-B37E-CAF8B1DE5E1A}.Debug|Win64.Build.0 = BuiltWithUnrealBuildTool|Win32
		{1357BA45-BF3B-48DF-B37E-CAF8B1DE5E1A}.Debug|x64.ActiveCfg = BuiltWithUnrealBuildTool|Win32
		{1357BA45-BF3B-48DF-B37E-CAF8B1DE5E1A}.Debug|x64.Build.0 = BuiltWithUnrealBuildTool|Win32
		{1357BA45-BF3B-48DF-B37E-CAF8B1DE5E1A}.Debug|x64-Android-NVIDIA.ActiveCfg = BuiltWithUnrealBuildTool|Win32
		{1357BA45-BF3B-48DF-B37E-CAF8B1DE5E1A}.Debug|x64-Android-NVIDIA.Build.0 = BuiltWithUnrealBuildTool|Win32
		{1357BA45-BF3B-48DF-B37E-CAF8B1DE5E1A}.DebugGame Editor|Android.ActiveCfg = BuiltWithUnrealBuildTool|Win32
		{1357BA45-BF3B-48DF-B37E-CAF8B1DE5E1A}.DebugGame Editor|Android.Build.0 = BuiltWithUnrealBuildTool|Win32
		{1357BA45-BF3B-48DF-B37E-CAF8B1DE5E1A}.DebugGame Editor|Win32.ActiveCfg = BuiltWithUnrealBuildTool|Win32
		{1357BA45-BF3B-48DF-B37E-CAF8B1DE5E1A}.DebugGame Editor|Win32.Build.0 = BuiltWithUnrealBuildTool|Win32
		{1357BA45-BF3B-48DF-B37E-CAF8B1DE5E1A}.DebugGame Editor|Win64.ActiveCfg = BuiltWithUnrealBuildTool|Win32
		{1357BA45-BF3B-48DF-B37E-CAF8B1DE5E1A}.DebugGame Editor|Win64.Build.0 = BuiltWithUnrealBuildTool|Win32
		{1357BA45-BF3B-48DF-B37E-CAF8B1DE5E1A}.DebugGame Editor|x64.ActiveCfg = BuiltWithUnrealBuildTool|Win32
		{1357BA45-BF3B-48DF-B37E-CAF8B1DE5E1A}.DebugGame Editor|x64.Build.0 = BuiltWithUnrealBuildTool|Win32
		{1357BA45-BF3B-48DF-B37E-CAF8B1DE5E1A}.DebugGame Editor|x64-Android-NVIDIA.ActiveCfg = BuiltWithUnrealBuildTool|Win32
		{1357BA45-BF3B-48DF-B37E-CAF8B1DE5E1A}.DebugGame Editor|x64-Android-NVIDIA.Build.0 = BuiltWithUnrealBuildTool|Win32
		{1357BA45-BF3B-48DF-B37E-CAF8B1DE5E1A}.DebugGame|Android.ActiveCfg = BuiltWithUnrealBuildTool|Win32
		{1357BA45-BF3B-48DF-B37E-CAF8B1DE5E1A}.DebugGame|Android.Build.0 = BuiltWithUnrealBuildTool|Win32
		{1357BA45-BF3B-48DF-B37E-CAF8B1DE5E1A}.DebugGame|Win32.ActiveCfg = BuiltWithUnrealBuildTool|Win32
		{1357BA45-BF3B-48DF-B37E-CAF8B1DE5E1A}.DebugGame|Win32.Build.0 = BuiltWithUnrealBuildTool|Win32
		{1357BA45-BF3B-48DF-B37E-CAF8B1DE5E1A}.DebugGame|Win64.ActiveCfg = BuiltWithUnrealBuildTool|Win32
		{1357BA45-BF3B-48DF-B37E-CAF8B1DE5E1A}.DebugGame|Win64.Build.0 = BuiltWithUnrealBuildTool|Win32
		{1357BA45-BF3B-48DF-B37E-CAF8B1DE5E1A}.DebugGame|x64.ActiveCfg = BuiltWithUnrealBuildTool|Win32
		{1357BA45-BF3B-48DF-B37E-CAF8B1DE5E1A}.DebugGame|x64.Build.0 = BuiltWithUnrealBuildTool|Win32
		{1357BA45-BF3B-48DF-B37E-CAF8B1DE5E1A}.DebugGame|x64-Android-NVIDIA.ActiveCfg = BuiltWithUnrealBuildTool|Win32
		{1357BA45-BF3B-48DF-B37E-CAF8B1DE5E1A}.DebugGame|x64-Android-NVIDIA.Build.0 = BuiltWithUnrealBuildTool|Win32
		{1357BA45-BF3B-48DF-B37E-CAF8B1DE5E1A}.Development Editor|Android.ActiveCfg = BuiltWithUnrealBuildTool|Win32
		{1357BA45-BF3B-48DF-B37E-CAF8B1DE5E1A}.Development Editor|Android.Build.0 = BuiltWithUnrealBuildTool|Win32
		{1357BA45-BF3B-48DF-B37E-CAF8B1DE5E1A}.Development Editor|Win32.ActiveCfg = BuiltWithUnrealBuildTool|Win32
		{1357BA45-BF3B-48DF-B37E-CAF8B1DE5E1A}.Development Editor|Win32.Build.0 = BuiltWithUnrealBuildTool|Win32
		{1357BA45-BF3B-48DF-B37E-CAF8B1DE5E1A}.Development Editor|Win64.ActiveCfg = BuiltWithUnrealBuildTool|Win32
		{1357BA45-BF3B-48DF-B37E-CAF8B1DE5E1A}.Development Editor|Win64.Build.0 = BuiltWithUnrealBuildTool|Win32
		{1357BA45-BF3B-48DF-B37E-CAF8B1DE5E1A}.Development Editor|x64.ActiveCfg = BuiltWithUnrealBuildTool|Win32
		{1357BA45-BF3B-48DF-B37E-CAF8B1DE5E1A}.Development Editor|x64.Build.0 = BuiltWithUnrealBuildTool|Win32
		{1357BA45-BF3B-48DF-B37E-CAF8B1DE5E1A}.Development Editor|x64-Android-NVIDIA.ActiveCfg = BuiltWithUnrealBuildTool|Win32
		{1357BA45-BF3B-48DF-B37E-CAF8B1DE5E1A}.Development Editor|x64-Android-NVIDIA.Build.0 = BuiltWithUnrealBuildTool|Win32
		{1357BA45-BF3B-48DF-B37E-CAF8B1DE5E1A}.Development|Android.ActiveCfg = BuiltWithUnrealBuildTool|Win32
		{1357BA45-BF3B-48DF-B37E-CAF8B1DE5E1A}.Development|Android.Build.0 = BuiltWithUnrealBuildTool|Win32
		{1357BA45-BF3B-48DF-B37E-CAF8B1DE5E1A}.Development|Win32.ActiveCfg = BuiltWithUnrealBuildTool|Win32
		{1357BA45-BF3B-48DF-B37E-CAF8B1DE5E1A}.Development|Win32.Build.0 = BuiltWithUnrealBuildTool|Win32
		{1357BA45-BF3B-48DF-B37E-CAF8B1DE5E1A}.Development|Win64.ActiveCfg = BuiltWithUnrealBuildTool|Win32
		{1357BA45-BF3B-48DF-B37E-CAF8B1DE5E1A}.Development|Win64.Build.0 = BuiltWithUnrealBuildTool|Win32
		{1357BA45-BF3B-48DF-B37E-CAF8B1DE5E1A}.Development|x64.ActiveCfg = BuiltWithUnrealBuildTool|Win32
		{1357BA45-BF3B-48DF-B37E-CAF8B1DE5E1A}.Development|x64.Build.0 = BuiltWithUnrealBuildTool|Win32
		{1357BA45-BF3B-48DF-B37E-CAF8B1DE5E1A}.Development|x64-Android-NVIDIA.ActiveCfg = BuiltWithUnrealBuildTool|Win32
		{1357BA45-BF3B-48DF-B37E-CAF8B1DE5E1A}.Development|x64-Android-NVIDIA.Build.0 = BuiltWithUnrealBuildTool|Win32
		{1357BA45-BF3B-48DF-B37E-CAF8B1DE5E1A}.MinSizeRel|Android.ActiveCfg = BuiltWithUnrealBuildTool|Win32
		{1357BA45-BF3B-48DF-B37E-CAF8B1DE5E1A}.MinSizeRel|Android.Build.0 = BuiltWithUnrealBuildTool|Win32
		{1357BA45-BF3B-48DF-B37E-CAF8B1DE5E1A}.MinSizeRel|Win32.ActiveCfg = BuiltWithUnrealBuildTool|Win32
		{1357BA45-BF3B-48DF-B37E-CAF8B1DE5E1A}.MinSizeRel|Win32.Build.0 = BuiltWithUnrealBuildTool|Win32
		{1357BA45-BF3B-48DF-B37E-CAF8B1DE5E1A}.MinSizeRel|Win64.ActiveCfg = BuiltWithUnrealBuildTool|Win32
		{1357BA45-BF3B-48DF-B37E-CAF8B1DE5E1A}.MinSizeRel|Win64.Build.0 = BuiltWithUnrealBuildTool|Win32
		{1357BA45-BF3B-48DF-B37E-CAF8B1DE5E1A}.MinSizeRel|x64.ActiveCfg = BuiltWithUnrealBuildTool|Win32
		{1357BA45-BF3B-48DF-B37E-CAF8B1DE5E1A}.MinSizeRel|x64.Build.0 = BuiltWithUnrealBuildTool|Win32
		{1357BA45-BF3B-48DF-B37E-CAF8B1DE5E1A}.MinSizeRel|x64-Android-NVIDIA.ActiveCfg = BuiltWithUnrealBuildTool|Win32
		{1357BA45-BF3B-48DF-B37E-CAF8B1DE5E1A}.MinSizeRel|x64-Android-NVIDIA.Build.0 = BuiltWithUnrealBuildTool|Win32
		{1357BA45-BF3B-48DF-B37E-CAF8B1DE5E1A}.Release|Android.ActiveCfg = BuiltWithUnrealBuildTool|Win32
		{1357BA45-BF3B-48DF-B37E-CAF8B1DE5E1A}.Release|Android.Build.0 = BuiltWithUnrealBuildTool|Win32
		{1357BA45-BF3B-48DF-B37E-CAF8B1DE5E1A}.Release|Win32.ActiveCfg = BuiltWithUnrealBuildTool|Win32
		{1357BA45-BF3B-48DF-B37E-CAF8B1DE5E1A}.Release|Win32.Build.0 = BuiltWithUnrealBuildTool|Win32
		{1357BA45-BF3B-48DF-B37E-CAF8B1DE5E1A}.Release|Win64.ActiveCfg = BuiltWithUnrealBuildTool|Win32
		{1357BA45-BF3B-48DF-B37E-CAF8B1DE5E1A}.Release|Win64.Build.0 = BuiltWithUnrealBuildTool|Win32
		{1357BA45-BF3B-48DF-B37E-CAF8B1DE5E1A}.Release|x64.ActiveCfg = BuiltWithUnrealBuildTool|Win32
		{1357BA45-BF3B-48DF-B37E-CAF8B1DE5E1A}.Release|x64.Build.0 = BuiltWithUnrealBuildTool|Win32
		{1357BA45-BF3B-48DF-B37E-CAF8B1DE5E1A}.Release|x64-Android-NVIDIA.ActiveCfg = BuiltWithUnrealBuildTool|Win32
		{1357BA45-BF3B-48DF-B37E-CAF8B1DE5E1A}.Release|x64-Android-NVIDIA.Build.0 = BuiltWithUnrealBuildTool|Win32
		{1357BA45-BF3B-48DF-B37E-CAF8B1DE5E1A}.RelWithDebInfo|Android.ActiveCfg = BuiltWithUnrealBuildTool|Win32
		{1357BA45-BF3B-48DF-B37E-CAF8B1DE5E1A}.RelWithDebInfo|Android.Build.0 = BuiltWithUnrealBuildTool|Win32
		{1357BA45-BF3B-48DF-B37E-CAF8B1DE5E1A}.RelWithDebInfo|Win32.ActiveCfg = BuiltWithUnrealBuildTool|Win32
		{1357BA45-BF3B-48DF-B37E-CAF8B1DE5E1A}.RelWithDebInfo|Win32.Build.0 = BuiltWithUnrealBuildTool|Win32
		{1357BA45-BF3B-48DF-B37E-CAF8B1DE5E1A}.RelWithDebInfo|Win64.ActiveCfg = BuiltWithUnrealBuildTool|Win32
		{1357BA45-BF3B-48DF-B37E-CAF8B1DE5E1A}.RelWithDebInfo|Win64.Build.0 = BuiltWithUnrealBuildTool|Win32
		{1357BA45-BF3B-48DF-B37E-CAF8B1DE5E1A}.RelWithDebInfo|x64.ActiveCfg = BuiltWithUnrealBuildTool|Win32
		{1357BA45-BF3B-48DF-B37E-CAF8B1DE5E1A}.RelWithDebInfo|x64.Build.0 = BuiltWithUnrealBuildTool|Win32
		{1357BA45-BF3B-48DF-B37E-CAF8B1DE5E1A}.RelWithDebInfo|x64-Android-NVIDIA.ActiveCfg = BuiltWithUnrealBuildTool|Win32
		{1357BA45-BF3B-48DF-B37E-CAF8B1DE5E1A}.RelWithDebInfo|x64-Android-NVIDIA.Build.0 = BuiltWithUnrealBuildTool|Win32
		{1357BA45-BF3B-48DF-B37E-CAF8B1DE5E1A}.Shipping|Android.ActiveCfg = BuiltWithUnrealBuildTool|Win32
		{1357BA45-BF3B-48DF-B37E-CAF8B1DE5E1A}.Shipping|Android.Build.0 = BuiltWithUnrealBuildTool|Win32
		{1357BA45-BF3B-48DF-B37E-CAF8B1DE5E1A}.Shipping|Win32.ActiveCfg = BuiltWithUnrealBuildTool|Win32
		{1357BA45-BF3B-48DF-B37E-CAF8B1DE5E1A}.Shipping|Win32.Build.0 = BuiltWithUnrealBuildTool|Win32
		{1357BA45-BF3B-48DF-B37E-CAF8B1DE5E1A}.Shipping|Win64.ActiveCfg = BuiltWithUnrealBuildTool|Win32
		{1357BA45-BF3B-48DF-B37E-CAF8B1DE5E1A}.Shipping|Win64.Build.0 = BuiltWithUnrealBuildTool|Win32
		{1357BA45-BF3B-48DF-B37E-CAF8B1DE5E1A}.Shipping|x64.ActiveCfg = BuiltWithUnrealBuildTool|Win32
		{1357BA45-BF3B-48DF-B37E-CAF8B1DE5E1A}.Shipping|x64.Build.0 = BuiltWithUnrealBuildTool|Win32
		{1357BA45-BF3B-48DF-B37E-CAF8B1DE5E1A}.Shipping|x64-Android-NVIDIA.ActiveCfg = BuiltWithUnrealBuildTool|Win32
		{1357BA45-BF3B-48DF-B37E-CAF8B1DE5E1A}.Shipping|x64-Android-NVIDIA.Build.0 = BuiltWithUnrealBuildTool|Win32
		{473B84ED-2EB2-482D-BB3C-C8F3D70154F7}.Debug|Android.ActiveCfg = Android_DebugGame_Editor|x64
		{473B84ED-2EB2-482D-BB3C-C8F3D70154F7}.Debug|Android.Build.0 = Android_DebugGame_Editor|x64
		{473B84ED-2EB2-482D-BB3C-C8F3D70154F7}.Debug|Win32.ActiveCfg = DebugGame_Game|Win32
		{473B84ED-2EB2-482D-BB3C-C8F3D70154F7}.Debug|Win32.Build.0 = DebugGame_Game|Win32
		{473B84ED-2EB2-482D-BB3C-C8F3D70154F7}.Debug|Win64.ActiveCfg = Android_DebugGame_Editor|x64
		{473B84ED-2EB2-482D-BB3C-C8F3D70154F7}.Debug|Win64.Build.0 = Android_DebugGame_Editor|x64
		{473B84ED-2EB2-482D-BB3C-C8F3D70154F7}.Debug|x64.ActiveCfg = Android_DebugGame_Editor|x64
		{473B84ED-2EB2-482D-BB3C-C8F3D70154F7}.Debug|x64.Build.0 = Android_DebugGame_Editor|x64
		{473B84ED-2EB2-482D-BB3C-C8F3D70154F7}.Debug|x64-Android-NVIDIA.ActiveCfg = Android_DebugGame_Game|x64
		{473B84ED-2EB2-482D-BB3C-C8F3D70154F7}.Debug|x64-Android-NVIDIA.Build.0 = Android_DebugGame_Game|x64
		{473B84ED-2EB2-482D-BB3C-C8F3D70154F7}.DebugGame Editor|Android.ActiveCfg = Android_DebugGame_Editor|Win32
		{473B84ED-2EB2-482D-BB3C-C8F3D70154F7}.DebugGame Editor|Android.Build.0 = Android_DebugGame_Editor|Win32
		{473B84ED-2EB2-482D-BB3C-C8F3D70154F7}.DebugGame Editor|Win32.ActiveCfg = DebugGame_Editor|Win32
		{473B84ED-2EB2-482D-BB3C-C8F3D70154F7}.DebugGame Editor|Win32.Build.0 = DebugGame_Editor|Win32
		{473B84ED-2EB2-482D-BB3C-C8F3D70154F7}.DebugGame Editor|Win64.ActiveCfg = DebugGame_Editor|x64
		{473B84ED-2EB2-482D-BB3C-C8F3D70154F7}.DebugGame Editor|Win64.Build.0 = DebugGame_Editor|x64
		{473B84ED-2EB2-482D-BB3C-C8F3D70154F7}.DebugGame Editor|x64.ActiveCfg = DebugGame_Game|x64
		{473B84ED-2EB2-482D-BB3C-C8F3D70154F7}.DebugGame Editor|x64.Build.0 = DebugGame_Game|x64
		{473B84ED-2EB2-482D-BB3C-C8F3D70154F7}.DebugGame Editor|x64-Android-NVIDIA.ActiveCfg = Android_DebugGame_Game|x64
		{473B84ED-2EB2-482D-BB3C-C8F3D70154F7}.DebugGame Editor|x64-Android-NVIDIA.Build.0 = Android_DebugGame_Game|x64
		{473B84ED-2EB2-482D-BB3C-C8F3D70154F7}.DebugGame|Android.ActiveCfg = Android_DebugGame_Game|Win32
		{473B84ED-2EB2-482D-BB3C-C8F3D70154F7}.DebugGame|Android.Build.0 = Android_DebugGame_Game|Win32
		{473B84ED-2EB2-482D-BB3C-C8F3D70154F7}.DebugGame|Win32.ActiveCfg = DebugGame_Game|Win32
		{473B84ED-2EB2-482D-BB3C-C8F3D70154F7}.DebugGame|Win32.Build.0 = DebugGame_Game|Win32
		{473B84ED-2EB2-482D-BB3C-C8F3D70154F7}.DebugGame|Win64.ActiveCfg = DebugGame_Game|x64
		{473B84ED-2EB2-482D-BB3C-C8F3D70154F7}.DebugGame|Win64.Build.0 = DebugGame_Game|x64
		{473B84ED-2EB2-482D-BB3C-C8F3D70154F7}.DebugGame|x64.ActiveCfg = Android_DebugGame_Editor|x64
		{473B84ED-2EB2-482D-BB3C-C8F3D70154F7}.DebugGame|x64.Build.0 = Android_DebugGame_Editor|x64
		{473B84ED-2EB2-482D-BB3C-C8F3D70154F7}.DebugGame|x64-Android-NVIDIA.ActiveCfg = Android_DebugGame_Game|x64
		{473B84ED-2EB2-482D-BB3C-C8F3D70154F7}.DebugGame|x64-Android-NVIDIA.Build.0 = Android_DebugGame_Game|x64
		{473B84ED-2EB2-482D-BB3C-C8F3D70154F7}.Development Editor|Android.ActiveCfg = Android_Development_Editor|Win32
		{473B84ED-2EB2-482D-BB3C-C8F3D70154F7}.Development Editor|Android.Build.0 = Android_Development_Editor|Win32
		{473B84ED-2EB2-482D-BB3C-C8F3D70154F7}.Development Editor|Win32.ActiveCfg = Development_Editor|Win32
		{473B84ED-2EB2-482D-BB3C-C8F3D70154F7}.Development Editor|Win32.Build.0 = Development_Editor|Win32
		{473B84ED-2EB2-482D-BB3C-C8F3D70154F7}.Development Editor|Win64.ActiveCfg = Development_Editor|x64
		{473B84ED-2EB2-482D-BB3C-C8F3D70154F7}.Development Editor|Win64.Build.0 = Development_Editor|x64
		{473B84ED-2EB2-482D-BB3C-C8F3D70154F7}.Development Editor|x64.ActiveCfg = Development_Game|x64
		{473B84ED-2EB2-482D-BB3C-C8F3D70154F7}.Development Editor|x64.Build.0 = Development_Game|x64
		{473B84ED-2EB2-482D-BB3C-C8F3D70154F7}.Development Editor|x64-Android-NVIDIA.ActiveCfg = Android_DebugGame_Game|x64
		{473B84ED-2EB2-482D-BB3C-C8F3D70154F7}.Development Editor|x64-Android-NVIDIA.Build.0 = Android_DebugGame_Game|x64
		{473B84ED-2EB2-482D-BB3C-C8F3D70154F7}.Development|Android.ActiveCfg = Android_Development_Game|Win32
		{473B84ED-2EB2-482D-BB3C-C8F3D70154F7}.Development|Android.Build.0 = Android_Development_Game|Win32
		{473B84ED-2EB2-482D-BB3C-C8F3D70154F7}.Development|Win32.ActiveCfg = Development_Game|Win32
		{473B84ED-2EB2-482D-BB3C-C8F3D70154F7}.Development|Win32.Build.0 = Development_Game|Win32
		{473B84ED-2EB2-482D-BB3C-C8F3D70154F7}.Development|Win64.ActiveCfg = Development_Game|x64
		{473B84ED-2EB2-482D-BB3C-C8F3D70154F7}.Development|Win64.Build.0 = Development_Game|x64
		{473B84ED-2EB2-482D-BB3C-C8F3D70154F7}.Development|x64.ActiveCfg = Android_Development_Game|x64
		{473B84ED-2EB2-482D-BB3C-C8F3D70154F7}.Development|x64.Build.0 = Android_Development_Game|x64
		{473B84ED-2EB2-482D-BB3C-C8F3D70154F7}.Development|x64-Android-NVIDIA.ActiveCfg = Android_DebugGame_Game|x64
		{473B84ED-2EB2-482D-BB3C-C8F3D70154F7}.Development|x64-Android-NVIDIA.Build.0 = Android_DebugGame_Game|x64
		{473B84ED-2EB2-482D-BB3C-C8F3D70154F7}.MinSizeRel|Android.ActiveCfg = Android_DebugGame_Editor|x64
		{473B84ED-2EB2-482D-BB3C-C8F3D70154F7}.MinSizeRel|Android.Build.0 = Android_DebugGame_Editor|x64
		{473B84ED-2EB2-482D-BB3C-C8F3D70154F7}.MinSizeRel|Win32.ActiveCfg = Shipping_Game|Win32
		{473B84ED-2EB2-482D-BB3C-C8F3D70154F7}.MinSizeRel|Win32.Build.0 = Shipping_Game|Win32
		{473B84ED-2EB2-482D-BB3C-C8F3D70154F7}.MinSizeRel|Win64.ActiveCfg = Android_DebugGame_Editor|x64
		{473B84ED-2EB2-482D-BB3C-C8F3D70154F7}.MinSizeRel|Win64.Build.0 = Android_DebugGame_Editor|x64
		{473B84ED-2EB2-482D-BB3C-C8F3D70154F7}.MinSizeRel|x64.ActiveCfg = Android_DebugGame_Editor|x64
		{473B84ED-2EB2-482D-BB3C-C8F3D70154F7}.MinSizeRel|x64.Build.0 = Android_DebugGame_Editor|x64
		{473B84ED-2EB2-482D-BB3C-C8F3D70154F7}.MinSizeRel|x64-Android-NVIDIA.ActiveCfg = Android_DebugGame_Game|x64
		{473B84ED-2EB2-482D-BB3C-C8F3D70154F7}.MinSizeRel|x64-Android-NVIDIA.Build.0 = Android_DebugGame_Game|x64
		{473B84ED-2EB2-482D-BB3C-C8F3D70154F7}.Release|Android.ActiveCfg = Android_DebugGame_Editor|x64
		{473B84ED-2EB2-482D-BB3C-C8F3D70154F7}.Release|Android.Build.0 = Android_DebugGame_Editor|x64
		{473B84ED-2EB2-482D-BB3C-C8F3D70154F7}.Release|Win32.ActiveCfg = Shipping_Game|Win32
		{473B84ED-2EB2-482D-BB3C-C8F3D70154F7}.Release|Win32.Build.0 = Shipping_Game|Win32
		{473B84ED-2EB2-482D-BB3C-C8F3D70154F7}.Release|Win64.ActiveCfg = Shipping_Game|x64
		{473B84ED-2EB2-482D-BB3C-C8F3D70154F7}.Release|Win64.Build.0 = Shipping_Game|x64
		{473B84ED-2EB2-482D-BB3C-C8F3D70154F7}.Release|x64.ActiveCfg = Android_DebugGame_Editor|x64
		{473B84ED-2EB2-482D-BB3C-C8F3D70154F7}.Release|x64.Build.0 = Android_DebugGame_Editor|x64
		{473B84ED-2EB2-482D-BB3C-C8F3D70154F7}.Release|x64-Android-NVIDIA.ActiveCfg = Android_DebugGame_Game|x64
		{473B84ED-2EB2-482D-BB3C-C8F3D70154F7}.Release|x64-Android-NVIDIA.Build.0 = Android_DebugGame_Game|x64
		{473B84ED-2EB2-482D-BB3C-C8F3D70154F7}.RelWithDebInfo|Android.ActiveCfg = Android_DebugGame_Editor|x64
		{473B84ED-2EB2-482D-BB3C-C8F3D70154F7}.RelWithDebInfo|Android.Build.0 = Android_DebugGame_Editor|x64
		{473B84ED-2EB2-482D-BB3C-C8F3D70154F7}.RelWithDebInfo|Win32.ActiveCfg = Shipping_Game|Win32
		{473B84ED-2EB2-482D-BB3C-C8F3D70154F7}.RelWithDebInfo|Win32.Build.0 = Shipping_Game|Win32
		{473B84ED-2EB2-482D-BB3C-C8F3D70154F7}.RelWithDebInfo|Win64.ActiveCfg = Android_DebugGame_Editor|x64
		{473B84ED-2EB2-482D-BB3C-C8F3D70154F7}.RelWithDebInfo|Win64.Build.0 = Android_DebugGame_Editor|x64
		{473B84ED-2EB2-482D-BB3C-C8F3D70154F7}.RelWithDebInfo|x64.ActiveCfg = Android_DebugGame_Editor|x64
		{473B84ED-2EB2-482D-BB3C-C8F3D70154F7}.RelWithDebInfo|x64.Build.0 = Android_DebugGame_Editor|x64
		{473B84ED-2EB2-482D-BB3C-C8F3D70154F7}.RelWithDebInfo|x64-Android-NVIDIA.ActiveCfg = Android_DebugGame_Game|x64
		{473B84ED-2EB2-482D-BB3C-C8F3D70154F7}.RelWithDebInfo|x64-Android-NVIDIA.Build.0 = Android_DebugGame_Game|x64
		{473B84ED-2EB2-482D-BB3C-C8F3D70154F7}.Shipping|Android.ActiveCfg = Android_Shipping_Game|Win32
		{473B84ED-2EB2-482D-BB3C-C8F3D70154F7}.Shipping|Android.Build.0 = Android_Shipping_Game|Win32
		{473B84ED-2EB2-482D-BB3C-C8F3D70154F7}.Shipping|Win32.ActiveCfg = Shipping_Game|Win32
		{473B84ED-2EB2-482D-BB3C-C8F3D70154F7}.Shipping|Win32.Build.0 = Shipping_Game|Win32
		{473B84ED-2EB2-482D-BB3C-C8F3D70154F7}.Shipping|Win64.ActiveCfg = Shipping_Game|x64
		{473B84ED-2EB2-482D-BB3C-C8F3D70154F7}.Shipping|Win64.Build.0 = Shipping_Game|x64
		{473B84ED-2EB2-482D-BB3C-C8F3D70154F7}.Shipping|x64.ActiveCfg = Android_Shipping_Game|x64
		{473B84ED-2EB2-482D-BB3C-C8F3D70154F7}.Shipping|x64.Build.0 = Android_Shipping_Game|x64
		{473B84ED-2EB2-482D-BB3C-C8F3D70154F7}.Shipping|x64-Android-NVIDIA.ActiveCfg = Android_DebugGame_Game|x64
		{473B84ED-2EB2-482D-BB3C-C8F3D70154F7}.Shipping|x64-Android-NVIDIA.Build.0 = Android_DebugGame_Game|x64
	EndGlobalSection
	GlobalSection(SolutionProperties) = preSolution
		HideSolutionNode = FALSE
	EndGlobalSection
	GlobalSection(NestedProjects) = preSolution
		{1357BA45-BF3B-48DF-B37E-CAF8B1DE5E1A} = {4304D9D8-0405-405E-A578-9D455F7BA38D}
		{473B84ED-2EB2-482D-BB3C-C8F3D70154F7} = {D6F158A5-46B8-49A2-844A-78EF084DBC36}
	EndGlobalSection
EndGlobal
